
Microsoft Visual Studio Solution File, Format Version 12.00
# Visual Studio Version 17
VisualStudioVersion = 17.5.33414.496
MinimumVisualStudioVersion = 10.0.40219.1
Project("{FAE04EC0-301F-11D3-BF4B-00C04F79EFBC}") = "ScuttleBugsBegone", "ScuttleBugsBegone.csproj", "{9248FC25-65E2-47F0-BAF8-15E96643522F}"
EndProject
Global
	GlobalSection(SolutionConfigurationPlatforms) = preSolution
		Debug|Any CPU = Debug|Any CPU
		Release|Any CPU = Release|Any CPU
	EndGlobalSection
	GlobalSection(ProjectConfigurationPlatforms) = postSolution
		{9248FC25-65E2-47F0-BAF8-15E96643522F}.Debug|Any CPU.ActiveCfg = Debug|Any CPU
		{9248FC25-65E2-47F0-BAF8-15E96643522F}.Debug|Any CPU.Build.0 = Debug|Any CPU
		{9248FC25-65E2-47F0-BAF8-15E96643522F}.Release|Any CPU.ActiveCfg = Release|Any CPU
		{9248FC25-65E2-47F0-BAF8-15E96643522F}.Release|Any CPU.Build.0 = Release|Any CPU
	EndGlobalSection
	GlobalSection(SolutionProperties) = preSolution
		HideSolutionNode = FALSE
	EndGlobalSection
	GlobalSection(ExtensibilityGlobals) = postSolution
		SolutionGuid = {6DFE2017-D621-417B-988E-61579CBF0599}
	EndGlobalSection
EndGlobal
